
Microsoft Visual Studio Solution File, Format Version 12.00
# Visual Studio 15
Project("{FAE04EC0-301F-11D3-BF4B-00C04F79EFBC}") = "CollectionViewBugRepro.Android", "CollectionViewBugRepro.Android\CollectionViewBugRepro.Android.csproj", "{C54FDA10-190F-4234-BCE3-00F9CF2C2535}"
EndProject
Project("{FAE04EC0-301F-11D3-BF4B-00C04F79EFBC}") = "CollectionViewBugRepro.iOS", "CollectionViewBugRepro.iOS\CollectionViewBugRepro.iOS.csproj", "{0DAE78AE-3014-40D7-8BDE-491E58EED21A}"
EndProject
Project("{FAE04EC0-301F-11D3-BF4B-00C04F79EFBC}") = "CollectionViewBugRepro", "CollectionViewBugRepro\CollectionViewBugRepro.csproj", "{4635B429-084A-4305-AF70-A32D6F6957A2}"
EndProject
Global
	GlobalSection(SolutionConfigurationPlatforms) = preSolution
		Debug|Any CPU = Debug|Any CPU
		Release|Any CPU = Release|Any CPU
		Debug|iPhoneSimulator = Debug|iPhoneSimulator
		Release|iPhoneSimulator = Release|iPhoneSimulator
		Debug|iPhone = Debug|iPhone
		Release|iPhone = Release|iPhone
	EndGlobalSection
	GlobalSection(ProjectConfigurationPlatforms) = postSolution
		{C54FDA10-190F-4234-BCE3-00F9CF2C2535}.Debug|Any CPU.ActiveCfg = Debug|Any CPU
		{C54FDA10-190F-4234-BCE3-00F9CF2C2535}.Debug|Any CPU.Build.0 = Debug|Any CPU
		{C54FDA10-190F-4234-BCE3-00F9CF2C2535}.Release|Any CPU.ActiveCfg = Release|Any CPU
		{C54FDA10-190F-4234-BCE3-00F9CF2C2535}.Release|Any CPU.Build.0 = Release|Any CPU
		{C54FDA10-190F-4234-BCE3-00F9CF2C2535}.Debug|iPhoneSimulator.ActiveCfg = Debug|Any CPU
		{C54FDA10-190F-4234-BCE3-00F9CF2C2535}.Debug|iPhoneSimulator.Build.0 = Debug|Any CPU
		{C54FDA10-190F-4234-BCE3-00F9CF2C2535}.Release|iPhoneSimulator.ActiveCfg = Release|Any CPU
		{C54FDA10-190F-4234-BCE3-00F9CF2C2535}.Release|iPhoneSimulator.Build.0 = Release|Any CPU
		{C54FDA10-190F-4234-BCE3-00F9CF2C2535}.Debug|iPhone.ActiveCfg = Debug|Any CPU
		{C54FDA10-190F-4234-BCE3-00F9CF2C2535}.Debug|iPhone.Build.0 = Debug|Any CPU
		{C54FDA10-190F-4234-BCE3-00F9CF2C2535}.Release|iPhone.ActiveCfg = Release|Any CPU
		{C54FDA10-190F-4234-BCE3-00F9CF2C2535}.Release|iPhone.Build.0 = Release|Any CPU
		{0DAE78AE-3014-40D7-8BDE-491E58EED21A}.Debug|Any CPU.ActiveCfg = Debug|iPhoneSimulator
		{0DAE78AE-3014-40D7-8BDE-491E58EED21A}.Debug|Any CPU.Build.0 = Debug|iPhoneSimulator
		{0DAE78AE-3014-40D7-8BDE-491E58EED21A}.Release|Any CPU.ActiveCfg = Release|iPhoneSimulator
		{0DAE78AE-3014-40D7-8BDE-491E58EED21A}.Release|Any CPU.Build.0 = Release|iPhoneSimulator
		{0DAE78AE-3014-40D7-8BDE-491E58EED21A}.Debug|iPhoneSimulator.ActiveCfg = Debug|iPhoneSimulator
		{0DAE78AE-3014-40D7-8BDE-491E58EED21A}.Debug|iPhoneSimulator.Build.0 = Debug|iPhoneSimulator
		{0DAE78AE-3014-40D7-8BDE-491E58EED21A}.Release|iPhoneSimulator.ActiveCfg = Release|iPhoneSimulator
		{0DAE78AE-3014-40D7-8BDE-491E58EED21A}.Release|iPhoneSimulator.Build.0 = Release|iPhoneSimulator
		{0DAE78AE-3014-40D7-8BDE-491E58EED21A}.Debug|iPhone.ActiveCfg = Debug|iPhone
		{0DAE78AE-3014-40D7-8BDE-491E58EED21A}.Debug|iPhone.Build.0 = Debug|iPhone
		{0DAE78AE-3014-40D7-8BDE-491E58EED21A}.Release|iPhone.ActiveCfg = Release|iPhone
		{0DAE78AE-3014-40D7-8BDE-491E58EED21A}.Release|iPhone.Build.0 = Release|iPhone
		{4635B429-084A-4305-AF70-A32D6F6957A2}.Debug|Any CPU.ActiveCfg = Debug|Any CPU
		{4635B429-084A-4305-AF70-A32D6F6957A2}.Debug|Any CPU.Build.0 = Debug|Any CPU
		{4635B429-084A-4305-AF70-A32D6F6957A2}.Release|Any CPU.ActiveCfg = Release|Any CPU
		{4635B429-084A-4305-AF70-A32D6F6957A2}.Release|Any CPU.Build.0 = Release|Any CPU
		{4635B429-084A-4305-AF70-A32D6F6957A2}.Debug|iPhoneSimulator.ActiveCfg = Debug|Any CPU
		{4635B429-084A-4305-AF70-A32D6F6957A2}.Debug|iPhoneSimulator.Build.0 = Debug|Any CPU
		{4635B429-084A-4305-AF70-A32D6F6957A2}.Release|iPhoneSimulator.ActiveCfg = Release|Any CPU
		{4635B429-084A-4305-AF70-A32D6F6957A2}.Release|iPhoneSimulator.Build.0 = Release|Any CPU
		{4635B429-084A-4305-AF70-A32D6F6957A2}.Debug|iPhone.ActiveCfg = Debug|Any CPU
		{4635B429-084A-4305-AF70-A32D6F6957A2}.Debug|iPhone.Build.0 = Debug|Any CPU
		{4635B429-084A-4305-AF70-A32D6F6957A2}.Release|iPhone.ActiveCfg = Release|Any CPU
		{4635B429-084A-4305-AF70-A32D6F6957A2}.Release|iPhone.Build.0 = Release|Any CPU
	EndGlobalSection
EndGlobal
